{
  "name": "main",
  "version": "0.0.1",
  "lockfileVersion": 1,
  "requires": true,
  "dependencies": {
    "@dmail/common-dependency": {
      "version": "0.0.1",
      "dev": true
    },
    "@dmail/dependency": {
      "version": "0.0.1",
      "dependencies": {
        "@dmail/common-dependency": {
          "bundled": true
        }
      }
    }
  }
}
